// !$*UTF8*$!
{
	archiveVersion = 1;
	classes = {
	};
	objectVersion = 56;
	objects = {

/* Begin PBXBuildFile section */
<<<<<<< Updated upstream:teacherCodeConnect/teacherCodeConnect.xcodeproj/project.pbxproj
		00081D0F29DD50EF0064275A /* teacherCodeConnectApp.swift in Sources */ = {isa = PBXBuildFile; fileRef = 00081D0E29DD50EF0064275A /* teacherCodeConnectApp.swift */; };
		00081D1129DD50EF0064275A /* ContentView.swift in Sources */ = {isa = PBXBuildFile; fileRef = 00081D1029DD50EF0064275A /* ContentView.swift */; };
		00081D1329DD50F10064275A /* Assets.xcassets in Resources */ = {isa = PBXBuildFile; fileRef = 00081D1229DD50F10064275A /* Assets.xcassets */; };
		00081D1629DD50F10064275A /* Preview Assets.xcassets in Resources */ = {isa = PBXBuildFile; fileRef = 00081D1529DD50F10064275A /* Preview Assets.xcassets */; };
/* End PBXBuildFile section */

/* Begin PBXFileReference section */
		00081D0B29DD50EF0064275A /* teacherCodeConnect.app */ = {isa = PBXFileReference; explicitFileType = wrapper.application; includeInIndex = 0; path = teacherCodeConnect.app; sourceTree = BUILT_PRODUCTS_DIR; };
		00081D0E29DD50EF0064275A /* teacherCodeConnectApp.swift */ = {isa = PBXFileReference; lastKnownFileType = sourcecode.swift; path = teacherCodeConnectApp.swift; sourceTree = "<group>"; };
		00081D1029DD50EF0064275A /* ContentView.swift */ = {isa = PBXFileReference; lastKnownFileType = sourcecode.swift; path = ContentView.swift; sourceTree = "<group>"; };
		00081D1229DD50F10064275A /* Assets.xcassets */ = {isa = PBXFileReference; lastKnownFileType = folder.assetcatalog; path = Assets.xcassets; sourceTree = "<group>"; };
		00081D1529DD50F10064275A /* Preview Assets.xcassets */ = {isa = PBXFileReference; lastKnownFileType = folder.assetcatalog; path = "Preview Assets.xcassets"; sourceTree = "<group>"; };
=======
		313FFED329E48B3500747079 /* TeacherMainView.swift in Sources */ = {isa = PBXBuildFile; fileRef = 313FFED229E48B3500747079 /* TeacherMainView.swift */; };
		3197735C29E497D300596D4C /* ContentView.swift in Sources */ = {isa = PBXBuildFile; fileRef = 3197735B29E497D300596D4C /* ContentView.swift */; };
		3197736029E4A38B00596D4C /* TeacherConnectCodeView.swift in Sources */ = {isa = PBXBuildFile; fileRef = 3197735F29E4A38B00596D4C /* TeacherConnectCodeView.swift */; };
		3197736229E4A66500596D4C /* TeacherMasterControlView.swift in Sources */ = {isa = PBXBuildFile; fileRef = 3197736129E4A66500596D4C /* TeacherMasterControlView.swift */; };
		3197736529E4B4B700596D4C /* KeychainSwift in Frameworks */ = {isa = PBXBuildFile; productRef = 3197736429E4B4B700596D4C /* KeychainSwift */; };
		3197736729E4C72300596D4C /* StudentMainView.swift in Sources */ = {isa = PBXBuildFile; fileRef = 3197736629E4C72300596D4C /* StudentMainView.swift */; };
		31A3095129E4715B00FF3D73 /* Project190App.swift in Sources */ = {isa = PBXBuildFile; fileRef = 31A3095029E4715B00FF3D73 /* Project190App.swift */; };
		31A3095529E4715D00FF3D73 /* Assets.xcassets in Resources */ = {isa = PBXBuildFile; fileRef = 31A3095429E4715D00FF3D73 /* Assets.xcassets */; };
		31A3095829E4715D00FF3D73 /* Preview Assets.xcassets in Resources */ = {isa = PBXBuildFile; fileRef = 31A3095729E4715D00FF3D73 /* Preview Assets.xcassets */; };
		31A3096129E4725A00FF3D73 /* LoginView.swift in Sources */ = {isa = PBXBuildFile; fileRef = 31A3096029E4725A00FF3D73 /* LoginView.swift */; };
		31A3096329E4726800FF3D73 /* EULAView.swift in Sources */ = {isa = PBXBuildFile; fileRef = 31A3096229E4726800FF3D73 /* EULAView.swift */; };
/* End PBXBuildFile section */

/* Begin PBXFileReference section */
		313FFED229E48B3500747079 /* TeacherMainView.swift */ = {isa = PBXFileReference; lastKnownFileType = sourcecode.swift; path = TeacherMainView.swift; sourceTree = "<group>"; };
		3197735B29E497D300596D4C /* ContentView.swift */ = {isa = PBXFileReference; lastKnownFileType = sourcecode.swift; path = ContentView.swift; sourceTree = "<group>"; };
		3197735F29E4A38B00596D4C /* TeacherConnectCodeView.swift */ = {isa = PBXFileReference; lastKnownFileType = sourcecode.swift; path = TeacherConnectCodeView.swift; sourceTree = "<group>"; };
		3197736129E4A66500596D4C /* TeacherMasterControlView.swift */ = {isa = PBXFileReference; lastKnownFileType = sourcecode.swift; path = TeacherMasterControlView.swift; sourceTree = "<group>"; };
		3197736629E4C72300596D4C /* StudentMainView.swift */ = {isa = PBXFileReference; lastKnownFileType = sourcecode.swift; path = StudentMainView.swift; sourceTree = "<group>"; };
		31A3094D29E4715B00FF3D73 /* Project190.app */ = {isa = PBXFileReference; explicitFileType = wrapper.application; includeInIndex = 0; path = Project190.app; sourceTree = BUILT_PRODUCTS_DIR; };
		31A3095029E4715B00FF3D73 /* Project190App.swift */ = {isa = PBXFileReference; lastKnownFileType = sourcecode.swift; path = Project190App.swift; sourceTree = "<group>"; };
		31A3095429E4715D00FF3D73 /* Assets.xcassets */ = {isa = PBXFileReference; lastKnownFileType = folder.assetcatalog; path = Assets.xcassets; sourceTree = "<group>"; };
		31A3095729E4715D00FF3D73 /* Preview Assets.xcassets */ = {isa = PBXFileReference; lastKnownFileType = folder.assetcatalog; path = "Preview Assets.xcassets"; sourceTree = "<group>"; };
		31A3096029E4725A00FF3D73 /* LoginView.swift */ = {isa = PBXFileReference; lastKnownFileType = sourcecode.swift; path = LoginView.swift; sourceTree = "<group>"; };
		31A3096229E4726800FF3D73 /* EULAView.swift */ = {isa = PBXFileReference; lastKnownFileType = sourcecode.swift; path = EULAView.swift; sourceTree = "<group>"; };
>>>>>>> Stashed changes:Project190.xcodeproj/project.pbxproj
/* End PBXFileReference section */

/* Begin PBXFrameworksBuildPhase section */
		00081D0829DD50EF0064275A /* Frameworks */ = {
			isa = PBXFrameworksBuildPhase;
			buildActionMask = 2147483647;
			files = (
				3197736529E4B4B700596D4C /* KeychainSwift in Frameworks */,
			);
			runOnlyForDeploymentPostprocessing = 0;
		};
/* End PBXFrameworksBuildPhase section */

/* Begin PBXGroup section */
		00081D0229DD50EF0064275A = {
			isa = PBXGroup;
			children = (
				00081D0D29DD50EF0064275A /* teacherCodeConnect */,
				00081D0C29DD50EF0064275A /* Products */,
			);
			sourceTree = "<group>";
		};
		00081D0C29DD50EF0064275A /* Products */ = {
			isa = PBXGroup;
			children = (
				00081D0B29DD50EF0064275A /* teacherCodeConnect.app */,
			);
			name = Products;
			sourceTree = "<group>";
		};
		00081D0D29DD50EF0064275A /* teacherCodeConnect */ = {
			isa = PBXGroup;
			children = (
<<<<<<< Updated upstream:teacherCodeConnect/teacherCodeConnect.xcodeproj/project.pbxproj
				00081D0E29DD50EF0064275A /* teacherCodeConnectApp.swift */,
				00081D1029DD50EF0064275A /* ContentView.swift */,
				00081D1229DD50F10064275A /* Assets.xcassets */,
				00081D1429DD50F10064275A /* Preview Content */,
=======
				31A3095029E4715B00FF3D73 /* Project190App.swift */,
				31A3096229E4726800FF3D73 /* EULAView.swift */,
				313FFED229E48B3500747079 /* TeacherMainView.swift */,
				3197735B29E497D300596D4C /* ContentView.swift */,
				3197735F29E4A38B00596D4C /* TeacherConnectCodeView.swift */,
				3197736129E4A66500596D4C /* TeacherMasterControlView.swift */,
				31A3096029E4725A00FF3D73 /* LoginView.swift */,
				3197736629E4C72300596D4C /* StudentMainView.swift */,
				31A3095429E4715D00FF3D73 /* Assets.xcassets */,
				31A3095629E4715D00FF3D73 /* Preview Content */,
>>>>>>> Stashed changes:Project190.xcodeproj/project.pbxproj
			);
			path = teacherCodeConnect;
			sourceTree = "<group>";
		};
		00081D1429DD50F10064275A /* Preview Content */ = {
			isa = PBXGroup;
			children = (
				00081D1529DD50F10064275A /* Preview Assets.xcassets */,
			);
			path = "Preview Content";
			sourceTree = "<group>";
		};
/* End PBXGroup section */

/* Begin PBXNativeTarget section */
		00081D0A29DD50EF0064275A /* teacherCodeConnect */ = {
			isa = PBXNativeTarget;
			buildConfigurationList = 00081D1929DD50F10064275A /* Build configuration list for PBXNativeTarget "teacherCodeConnect" */;
			buildPhases = (
				00081D0729DD50EF0064275A /* Sources */,
				00081D0829DD50EF0064275A /* Frameworks */,
				00081D0929DD50EF0064275A /* Resources */,
			);
			buildRules = (
			);
			dependencies = (
			);
<<<<<<< Updated upstream:teacherCodeConnect/teacherCodeConnect.xcodeproj/project.pbxproj
			name = teacherCodeConnect;
			productName = teacherCodeConnect;
			productReference = 00081D0B29DD50EF0064275A /* teacherCodeConnect.app */;
=======
			name = Project190;
			packageProductDependencies = (
				3197736429E4B4B700596D4C /* KeychainSwift */,
			);
			productName = Project190;
			productReference = 31A3094D29E4715B00FF3D73 /* Project190.app */;
>>>>>>> Stashed changes:Project190.xcodeproj/project.pbxproj
			productType = "com.apple.product-type.application";
		};
/* End PBXNativeTarget section */

/* Begin PBXProject section */
		00081D0329DD50EF0064275A /* Project object */ = {
			isa = PBXProject;
			attributes = {
				BuildIndependentTargetsInParallel = 1;
				LastSwiftUpdateCheck = 1420;
				LastUpgradeCheck = 1420;
				TargetAttributes = {
					00081D0A29DD50EF0064275A = {
						CreatedOnToolsVersion = 14.2;
					};
				};
			};
			buildConfigurationList = 00081D0629DD50EF0064275A /* Build configuration list for PBXProject "teacherCodeConnect" */;
			compatibilityVersion = "Xcode 14.0";
			developmentRegion = en;
			hasScannedForEncodings = 0;
			knownRegions = (
				en,
				Base,
			);
<<<<<<< Updated upstream:teacherCodeConnect/teacherCodeConnect.xcodeproj/project.pbxproj
			mainGroup = 00081D0229DD50EF0064275A;
			productRefGroup = 00081D0C29DD50EF0064275A /* Products */;
=======
			mainGroup = 31A3094429E4715B00FF3D73;
			packageReferences = (
				3197736329E4B4B700596D4C /* XCRemoteSwiftPackageReference "keychain-swift" */,
			);
			productRefGroup = 31A3094E29E4715B00FF3D73 /* Products */;
>>>>>>> Stashed changes:Project190.xcodeproj/project.pbxproj
			projectDirPath = "";
			projectRoot = "";
			targets = (
				00081D0A29DD50EF0064275A /* teacherCodeConnect */,
			);
		};
/* End PBXProject section */

/* Begin PBXResourcesBuildPhase section */
		00081D0929DD50EF0064275A /* Resources */ = {
			isa = PBXResourcesBuildPhase;
			buildActionMask = 2147483647;
			files = (
				00081D1629DD50F10064275A /* Preview Assets.xcassets in Resources */,
				00081D1329DD50F10064275A /* Assets.xcassets in Resources */,
			);
			runOnlyForDeploymentPostprocessing = 0;
		};
/* End PBXResourcesBuildPhase section */

/* Begin PBXSourcesBuildPhase section */
		00081D0729DD50EF0064275A /* Sources */ = {
			isa = PBXSourcesBuildPhase;
			buildActionMask = 2147483647;
			files = (
<<<<<<< Updated upstream:teacherCodeConnect/teacherCodeConnect.xcodeproj/project.pbxproj
				00081D1129DD50EF0064275A /* ContentView.swift in Sources */,
				00081D0F29DD50EF0064275A /* teacherCodeConnectApp.swift in Sources */,
=======
				313FFED329E48B3500747079 /* TeacherMainView.swift in Sources */,
				3197735C29E497D300596D4C /* ContentView.swift in Sources */,
				31A3095129E4715B00FF3D73 /* Project190App.swift in Sources */,
				3197736229E4A66500596D4C /* TeacherMasterControlView.swift in Sources */,
				31A3096129E4725A00FF3D73 /* LoginView.swift in Sources */,
				31A3096329E4726800FF3D73 /* EULAView.swift in Sources */,
				3197736029E4A38B00596D4C /* TeacherConnectCodeView.swift in Sources */,
				3197736729E4C72300596D4C /* StudentMainView.swift in Sources */,
>>>>>>> Stashed changes:Project190.xcodeproj/project.pbxproj
			);
			runOnlyForDeploymentPostprocessing = 0;
		};
/* End PBXSourcesBuildPhase section */

/* Begin XCBuildConfiguration section */
		00081D1729DD50F10064275A /* Debug */ = {
			isa = XCBuildConfiguration;
			buildSettings = {
				ALWAYS_SEARCH_USER_PATHS = NO;
				CLANG_ANALYZER_NONNULL = YES;
				CLANG_ANALYZER_NUMBER_OBJECT_CONVERSION = YES_AGGRESSIVE;
				CLANG_CXX_LANGUAGE_STANDARD = "gnu++20";
				CLANG_ENABLE_MODULES = YES;
				CLANG_ENABLE_OBJC_ARC = YES;
				CLANG_ENABLE_OBJC_WEAK = YES;
				CLANG_WARN_BLOCK_CAPTURE_AUTORELEASING = YES;
				CLANG_WARN_BOOL_CONVERSION = YES;
				CLANG_WARN_COMMA = YES;
				CLANG_WARN_CONSTANT_CONVERSION = YES;
				CLANG_WARN_DEPRECATED_OBJC_IMPLEMENTATIONS = YES;
				CLANG_WARN_DIRECT_OBJC_ISA_USAGE = YES_ERROR;
				CLANG_WARN_DOCUMENTATION_COMMENTS = YES;
				CLANG_WARN_EMPTY_BODY = YES;
				CLANG_WARN_ENUM_CONVERSION = YES;
				CLANG_WARN_INFINITE_RECURSION = YES;
				CLANG_WARN_INT_CONVERSION = YES;
				CLANG_WARN_NON_LITERAL_NULL_CONVERSION = YES;
				CLANG_WARN_OBJC_IMPLICIT_RETAIN_SELF = YES;
				CLANG_WARN_OBJC_LITERAL_CONVERSION = YES;
				CLANG_WARN_OBJC_ROOT_CLASS = YES_ERROR;
				CLANG_WARN_QUOTED_INCLUDE_IN_FRAMEWORK_HEADER = YES;
				CLANG_WARN_RANGE_LOOP_ANALYSIS = YES;
				CLANG_WARN_STRICT_PROTOTYPES = YES;
				CLANG_WARN_SUSPICIOUS_MOVE = YES;
				CLANG_WARN_UNGUARDED_AVAILABILITY = YES_AGGRESSIVE;
				CLANG_WARN_UNREACHABLE_CODE = YES;
				CLANG_WARN__DUPLICATE_METHOD_MATCH = YES;
				COPY_PHASE_STRIP = NO;
				DEBUG_INFORMATION_FORMAT = dwarf;
				ENABLE_STRICT_OBJC_MSGSEND = YES;
				ENABLE_TESTABILITY = YES;
				GCC_C_LANGUAGE_STANDARD = gnu11;
				GCC_DYNAMIC_NO_PIC = NO;
				GCC_NO_COMMON_BLOCKS = YES;
				GCC_OPTIMIZATION_LEVEL = 0;
				GCC_PREPROCESSOR_DEFINITIONS = (
					"DEBUG=1",
					"$(inherited)",
				);
				GCC_WARN_64_TO_32_BIT_CONVERSION = YES;
				GCC_WARN_ABOUT_RETURN_TYPE = YES_ERROR;
				GCC_WARN_UNDECLARED_SELECTOR = YES;
				GCC_WARN_UNINITIALIZED_AUTOS = YES_AGGRESSIVE;
				GCC_WARN_UNUSED_FUNCTION = YES;
				GCC_WARN_UNUSED_VARIABLE = YES;
				IPHONEOS_DEPLOYMENT_TARGET = 16.2;
				MTL_ENABLE_DEBUG_INFO = INCLUDE_SOURCE;
				MTL_FAST_MATH = YES;
				ONLY_ACTIVE_ARCH = YES;
				SDKROOT = iphoneos;
				SWIFT_ACTIVE_COMPILATION_CONDITIONS = DEBUG;
				SWIFT_OPTIMIZATION_LEVEL = "-Onone";
			};
			name = Debug;
		};
		00081D1829DD50F10064275A /* Release */ = {
			isa = XCBuildConfiguration;
			buildSettings = {
				ALWAYS_SEARCH_USER_PATHS = NO;
				CLANG_ANALYZER_NONNULL = YES;
				CLANG_ANALYZER_NUMBER_OBJECT_CONVERSION = YES_AGGRESSIVE;
				CLANG_CXX_LANGUAGE_STANDARD = "gnu++20";
				CLANG_ENABLE_MODULES = YES;
				CLANG_ENABLE_OBJC_ARC = YES;
				CLANG_ENABLE_OBJC_WEAK = YES;
				CLANG_WARN_BLOCK_CAPTURE_AUTORELEASING = YES;
				CLANG_WARN_BOOL_CONVERSION = YES;
				CLANG_WARN_COMMA = YES;
				CLANG_WARN_CONSTANT_CONVERSION = YES;
				CLANG_WARN_DEPRECATED_OBJC_IMPLEMENTATIONS = YES;
				CLANG_WARN_DIRECT_OBJC_ISA_USAGE = YES_ERROR;
				CLANG_WARN_DOCUMENTATION_COMMENTS = YES;
				CLANG_WARN_EMPTY_BODY = YES;
				CLANG_WARN_ENUM_CONVERSION = YES;
				CLANG_WARN_INFINITE_RECURSION = YES;
				CLANG_WARN_INT_CONVERSION = YES;
				CLANG_WARN_NON_LITERAL_NULL_CONVERSION = YES;
				CLANG_WARN_OBJC_IMPLICIT_RETAIN_SELF = YES;
				CLANG_WARN_OBJC_LITERAL_CONVERSION = YES;
				CLANG_WARN_OBJC_ROOT_CLASS = YES_ERROR;
				CLANG_WARN_QUOTED_INCLUDE_IN_FRAMEWORK_HEADER = YES;
				CLANG_WARN_RANGE_LOOP_ANALYSIS = YES;
				CLANG_WARN_STRICT_PROTOTYPES = YES;
				CLANG_WARN_SUSPICIOUS_MOVE = YES;
				CLANG_WARN_UNGUARDED_AVAILABILITY = YES_AGGRESSIVE;
				CLANG_WARN_UNREACHABLE_CODE = YES;
				CLANG_WARN__DUPLICATE_METHOD_MATCH = YES;
				COPY_PHASE_STRIP = NO;
				DEBUG_INFORMATION_FORMAT = "dwarf-with-dsym";
				ENABLE_NS_ASSERTIONS = NO;
				ENABLE_STRICT_OBJC_MSGSEND = YES;
				GCC_C_LANGUAGE_STANDARD = gnu11;
				GCC_NO_COMMON_BLOCKS = YES;
				GCC_WARN_64_TO_32_BIT_CONVERSION = YES;
				GCC_WARN_ABOUT_RETURN_TYPE = YES_ERROR;
				GCC_WARN_UNDECLARED_SELECTOR = YES;
				GCC_WARN_UNINITIALIZED_AUTOS = YES_AGGRESSIVE;
				GCC_WARN_UNUSED_FUNCTION = YES;
				GCC_WARN_UNUSED_VARIABLE = YES;
				IPHONEOS_DEPLOYMENT_TARGET = 16.2;
				MTL_ENABLE_DEBUG_INFO = NO;
				MTL_FAST_MATH = YES;
				SDKROOT = iphoneos;
				SWIFT_COMPILATION_MODE = wholemodule;
				SWIFT_OPTIMIZATION_LEVEL = "-O";
				VALIDATE_PRODUCT = YES;
			};
			name = Release;
		};
		00081D1A29DD50F10064275A /* Debug */ = {
			isa = XCBuildConfiguration;
			buildSettings = {
				ASSETCATALOG_COMPILER_APPICON_NAME = AppIcon;
				ASSETCATALOG_COMPILER_GLOBAL_ACCENT_COLOR_NAME = AccentColor;
				CODE_SIGN_STYLE = Automatic;
				CURRENT_PROJECT_VERSION = 1;
				DEVELOPMENT_ASSET_PATHS = "\"teacherCodeConnect/Preview Content\"";
				ENABLE_PREVIEWS = YES;
				GENERATE_INFOPLIST_FILE = YES;
				INFOPLIST_KEY_UIApplicationSceneManifest_Generation = YES;
				INFOPLIST_KEY_UIApplicationSupportsIndirectInputEvents = YES;
				INFOPLIST_KEY_UILaunchScreen_Generation = YES;
				INFOPLIST_KEY_UISupportedInterfaceOrientations_iPad = "UIInterfaceOrientationPortrait UIInterfaceOrientationPortraitUpsideDown UIInterfaceOrientationLandscapeLeft UIInterfaceOrientationLandscapeRight";
				INFOPLIST_KEY_UISupportedInterfaceOrientations_iPhone = "UIInterfaceOrientationPortrait UIInterfaceOrientationLandscapeLeft UIInterfaceOrientationLandscapeRight";
				LD_RUNPATH_SEARCH_PATHS = (
					"$(inherited)",
					"@executable_path/Frameworks",
				);
				MARKETING_VERSION = 1.0;
				PRODUCT_BUNDLE_IDENTIFIER = macrosoft.teacherCodeConnect;
				PRODUCT_NAME = "$(TARGET_NAME)";
				SWIFT_EMIT_LOC_STRINGS = YES;
				SWIFT_VERSION = 5.0;
				TARGETED_DEVICE_FAMILY = "1,2";
			};
			name = Debug;
		};
		00081D1B29DD50F10064275A /* Release */ = {
			isa = XCBuildConfiguration;
			buildSettings = {
				ASSETCATALOG_COMPILER_APPICON_NAME = AppIcon;
				ASSETCATALOG_COMPILER_GLOBAL_ACCENT_COLOR_NAME = AccentColor;
				CODE_SIGN_STYLE = Automatic;
				CURRENT_PROJECT_VERSION = 1;
				DEVELOPMENT_ASSET_PATHS = "\"teacherCodeConnect/Preview Content\"";
				ENABLE_PREVIEWS = YES;
				GENERATE_INFOPLIST_FILE = YES;
				INFOPLIST_KEY_UIApplicationSceneManifest_Generation = YES;
				INFOPLIST_KEY_UIApplicationSupportsIndirectInputEvents = YES;
				INFOPLIST_KEY_UILaunchScreen_Generation = YES;
				INFOPLIST_KEY_UISupportedInterfaceOrientations_iPad = "UIInterfaceOrientationPortrait UIInterfaceOrientationPortraitUpsideDown UIInterfaceOrientationLandscapeLeft UIInterfaceOrientationLandscapeRight";
				INFOPLIST_KEY_UISupportedInterfaceOrientations_iPhone = "UIInterfaceOrientationPortrait UIInterfaceOrientationLandscapeLeft UIInterfaceOrientationLandscapeRight";
				LD_RUNPATH_SEARCH_PATHS = (
					"$(inherited)",
					"@executable_path/Frameworks",
				);
				MARKETING_VERSION = 1.0;
				PRODUCT_BUNDLE_IDENTIFIER = macrosoft.teacherCodeConnect;
				PRODUCT_NAME = "$(TARGET_NAME)";
				SWIFT_EMIT_LOC_STRINGS = YES;
				SWIFT_VERSION = 5.0;
				TARGETED_DEVICE_FAMILY = "1,2";
			};
			name = Release;
		};
/* End XCBuildConfiguration section */

/* Begin XCConfigurationList section */
		00081D0629DD50EF0064275A /* Build configuration list for PBXProject "teacherCodeConnect" */ = {
			isa = XCConfigurationList;
			buildConfigurations = (
				00081D1729DD50F10064275A /* Debug */,
				00081D1829DD50F10064275A /* Release */,
			);
			defaultConfigurationIsVisible = 0;
			defaultConfigurationName = Release;
		};
		00081D1929DD50F10064275A /* Build configuration list for PBXNativeTarget "teacherCodeConnect" */ = {
			isa = XCConfigurationList;
			buildConfigurations = (
				00081D1A29DD50F10064275A /* Debug */,
				00081D1B29DD50F10064275A /* Release */,
			);
			defaultConfigurationIsVisible = 0;
			defaultConfigurationName = Release;
		};
/* End XCConfigurationList section */

/* Begin XCRemoteSwiftPackageReference section */
		3197736329E4B4B700596D4C /* XCRemoteSwiftPackageReference "keychain-swift" */ = {
			isa = XCRemoteSwiftPackageReference;
			repositoryURL = "https://github.com/evgenyneu/keychain-swift.git";
			requirement = {
				kind = upToNextMajorVersion;
				minimumVersion = 20.0.0;
			};
		};
/* End XCRemoteSwiftPackageReference section */

/* Begin XCSwiftPackageProductDependency section */
		3197736429E4B4B700596D4C /* KeychainSwift */ = {
			isa = XCSwiftPackageProductDependency;
			package = 3197736329E4B4B700596D4C /* XCRemoteSwiftPackageReference "keychain-swift" */;
			productName = KeychainSwift;
		};
/* End XCSwiftPackageProductDependency section */
	};
	rootObject = 00081D0329DD50EF0064275A /* Project object */;
}
